
Microsoft Visual Studio Solution File, Format Version 12.00
# Visual Studio Version 17
VisualStudioVersion = 17.0.31903.59
MinimumVisualStudioVersion = 10.0.40219.1
Project("{2150E333-8FDC-42A3-9474-1A3956D46DE8}") = "Utils", "Utils", "{1B65C037-2265-4E75-9128-91AB5DA7EF35}"
EndProject
Project("{9A19103F-16F7-4668-BE54-9A1E7A4F7556}") = "Utils.Tests", "Utils\Utils.Tests\Utils.Tests.csproj", "{EE3FB89B-3760-4408-830A-B7599F8ACF99}"
EndProject
Project("{9A19103F-16F7-4668-BE54-9A1E7A4F7556}") = "Utils", "Utils\Utils\Utils.csproj", "{188F3572-62E2-46F0-A751-E41F760A88CD}"
EndProject
Project("{2150E333-8FDC-42A3-9474-1A3956D46DE8}") = "Solution Items", "Solution Items", "{29652677-6AFE-4786-A5D9-6611495347B3}"
	ProjectSection(SolutionItems) = preProject
		.editorconfig = .editorconfig
		..\DEV.md = ..\DEV.md
		..\NOTES.md = ..\NOTES.md
		..\README.md = ..\README.md
		..\TODO.md = ..\TODO.md
	EndProjectSection
EndProject
Project("{2150E333-8FDC-42A3-9474-1A3956D46DE8}") = "Strava", "Strava", "{89778B61-FF5E-4D02-BB44-64AFC1885233}"
EndProject
Project("{9A19103F-16F7-4668-BE54-9A1E7A4F7556}") = "Strava.API.Client", "Strava\Strava.API.Client\Strava.API.Client.csproj", "{EF365787-6B29-4D59-8471-9D6E2D52BCBA}"
EndProject
Project("{9A19103F-16F7-4668-BE54-9A1E7A4F7556}") = "Strava.API.Client.Tests", "Strava\Strava.API.Client.Tests\Strava.API.Client.Tests.csproj", "{E9180B09-9E0F-4D0D-BE8F-F762C9EB7EF8}"
EndProject
Project("{2150E333-8FDC-42A3-9474-1A3956D46DE8}") = "KomTracker", "KomTracker", "{39D474F2-075E-4219-97AF-AA40BC033D98}"
EndProject
Project("{9A19103F-16F7-4668-BE54-9A1E7A4F7556}") = "KomTracker.API", "KomTracker\KomTracker.API\KomTracker.API.csproj", "{7170DE1C-B264-4E29-9456-8DFD3BC649BE}"
EndProject
Project("{9A19103F-16F7-4668-BE54-9A1E7A4F7556}") = "KomTracker.WEB", "KomTracker\KomTracker.WEB\KomTracker.WEB.csproj", "{9709E052-048E-4375-A10E-B453E256728C}"
EndProject
Project("{9A19103F-16F7-4668-BE54-9A1E7A4F7556}") = "KomTracker.Application", "KomTracker\KomTracker.Application\KomTracker.Application.csproj", "{7045D1D2-2D8C-484A-A64B-DE139E6CEA89}"
EndProject
Project("{9A19103F-16F7-4668-BE54-9A1E7A4F7556}") = "KomTracker.Domain", "KomTracker\KomTracker.Domain\KomTracker.Domain.csproj", "{403AD3DD-FFF2-416C-9889-8F3777368869}"
EndProject
Project("{9A19103F-16F7-4668-BE54-9A1E7A4F7556}") = "KomTracker.Infrastructure", "KomTracker\KomTracker.Infrastructure\KomTracker.Infrastructure.csproj", "{042DAF55-A131-4623-AD7C-E271BB5B5F48}"
EndProject
Project("{9A19103F-16F7-4668-BE54-9A1E7A4F7556}") = "KomTracker.Infrastructure.Tests", "KomTracker\KomTracker.Infrastructure.Tests\KomTracker.Infrastructure.Tests.csproj", "{4BF8135E-AA89-4059-BFFD-122C241BB196}"
EndProject
Project("{9A19103F-16F7-4668-BE54-9A1E7A4F7556}") = "KomTracker.Application.Tests", "KomTracker\KomTracker.Application.Tests\KomTracker.Application.Tests.csproj", "{B2E7B75D-3A12-4DE1-8643-82359A9638C9}"
EndProject
Project("{9A19103F-16F7-4668-BE54-9A1E7A4F7556}") = "KomTracker.API.Shared", "KomTracker\KomTracker.API.Shared\KomTracker.API.Shared.csproj", "{62955CFB-030D-4223-95BC-EBAC1FB5069C}"
EndProject
Project("{9A19103F-16F7-4668-BE54-9A1E7A4F7556}") = "KomTracker.Infrastructure.Shared", "KomTracker\KomTracker.Infrastructure.Shared\KomTracker.Infrastructure.Shared.csproj", "{5F7427DF-E6A2-4647-89ED-957F49279224}"
EndProject
Project("{FAE04EC0-301F-11D3-BF4B-00C04F79EFBC}") = "KomTracker.Application.Shared", "KomTracker\KomTracker.Application.Shared\KomTracker.Application.Shared.csproj", "{4CE2FCD9-7690-46AA-A015-E2F65CE09285}"
EndProject
Global
	GlobalSection(SolutionConfigurationPlatforms) = preSolution
		Debug|Any CPU = Debug|Any CPU
		Release|Any CPU = Release|Any CPU
	EndGlobalSection
	GlobalSection(ProjectConfigurationPlatforms) = postSolution
		{EE3FB89B-3760-4408-830A-B7599F8ACF99}.Debug|Any CPU.ActiveCfg = Debug|Any CPU
		{EE3FB89B-3760-4408-830A-B7599F8ACF99}.Debug|Any CPU.Build.0 = Debug|Any CPU
		{EE3FB89B-3760-4408-830A-B7599F8ACF99}.Release|Any CPU.ActiveCfg = Release|Any CPU
		{EE3FB89B-3760-4408-830A-B7599F8ACF99}.Release|Any CPU.Build.0 = Release|Any CPU
		{188F3572-62E2-46F0-A751-E41F760A88CD}.Debug|Any CPU.ActiveCfg = Debug|Any CPU
		{188F3572-62E2-46F0-A751-E41F760A88CD}.Debug|Any CPU.Build.0 = Debug|Any CPU
		{188F3572-62E2-46F0-A751-E41F760A88CD}.Release|Any CPU.ActiveCfg = Release|Any CPU
		{188F3572-62E2-46F0-A751-E41F760A88CD}.Release|Any CPU.Build.0 = Release|Any CPU
		{EF365787-6B29-4D59-8471-9D6E2D52BCBA}.Debug|Any CPU.ActiveCfg = Debug|Any CPU
		{EF365787-6B29-4D59-8471-9D6E2D52BCBA}.Debug|Any CPU.Build.0 = Debug|Any CPU
		{EF365787-6B29-4D59-8471-9D6E2D52BCBA}.Release|Any CPU.ActiveCfg = Release|Any CPU
		{EF365787-6B29-4D59-8471-9D6E2D52BCBA}.Release|Any CPU.Build.0 = Release|Any CPU
		{E9180B09-9E0F-4D0D-BE8F-F762C9EB7EF8}.Debug|Any CPU.ActiveCfg = Debug|Any CPU
		{E9180B09-9E0F-4D0D-BE8F-F762C9EB7EF8}.Debug|Any CPU.Build.0 = Debug|Any CPU
		{E9180B09-9E0F-4D0D-BE8F-F762C9EB7EF8}.Release|Any CPU.ActiveCfg = Release|Any CPU
		{E9180B09-9E0F-4D0D-BE8F-F762C9EB7EF8}.Release|Any CPU.Build.0 = Release|Any CPU
		{7170DE1C-B264-4E29-9456-8DFD3BC649BE}.Debug|Any CPU.ActiveCfg = Debug|Any CPU
		{7170DE1C-B264-4E29-9456-8DFD3BC649BE}.Debug|Any CPU.Build.0 = Debug|Any CPU
		{7170DE1C-B264-4E29-9456-8DFD3BC649BE}.Release|Any CPU.ActiveCfg = Release|Any CPU
		{7170DE1C-B264-4E29-9456-8DFD3BC649BE}.Release|Any CPU.Build.0 = Release|Any CPU
		{9709E052-048E-4375-A10E-B453E256728C}.Debug|Any CPU.ActiveCfg = Debug|Any CPU
		{9709E052-048E-4375-A10E-B453E256728C}.Debug|Any CPU.Build.0 = Debug|Any CPU
		{9709E052-048E-4375-A10E-B453E256728C}.Release|Any CPU.ActiveCfg = Release|Any CPU
		{9709E052-048E-4375-A10E-B453E256728C}.Release|Any CPU.Build.0 = Release|Any CPU
		{7045D1D2-2D8C-484A-A64B-DE139E6CEA89}.Debug|Any CPU.ActiveCfg = Debug|Any CPU
		{7045D1D2-2D8C-484A-A64B-DE139E6CEA89}.Debug|Any CPU.Build.0 = Debug|Any CPU
		{7045D1D2-2D8C-484A-A64B-DE139E6CEA89}.Release|Any CPU.ActiveCfg = Release|Any CPU
		{7045D1D2-2D8C-484A-A64B-DE139E6CEA89}.Release|Any CPU.Build.0 = Release|Any CPU
		{403AD3DD-FFF2-416C-9889-8F3777368869}.Debug|Any CPU.ActiveCfg = Debug|Any CPU
		{403AD3DD-FFF2-416C-9889-8F3777368869}.Debug|Any CPU.Build.0 = Debug|Any CPU
		{403AD3DD-FFF2-416C-9889-8F3777368869}.Release|Any CPU.ActiveCfg = Release|Any CPU
		{403AD3DD-FFF2-416C-9889-8F3777368869}.Release|Any CPU.Build.0 = Release|Any CPU
		{042DAF55-A131-4623-AD7C-E271BB5B5F48}.Debug|Any CPU.ActiveCfg = Debug|Any CPU
		{042DAF55-A131-4623-AD7C-E271BB5B5F48}.Debug|Any CPU.Build.0 = Debug|Any CPU
		{042DAF55-A131-4623-AD7C-E271BB5B5F48}.Release|Any CPU.ActiveCfg = Release|Any CPU
		{042DAF55-A131-4623-AD7C-E271BB5B5F48}.Release|Any CPU.Build.0 = Release|Any CPU
		{4BF8135E-AA89-4059-BFFD-122C241BB196}.Debug|Any CPU.ActiveCfg = Debug|Any CPU
		{4BF8135E-AA89-4059-BFFD-122C241BB196}.Debug|Any CPU.Build.0 = Debug|Any CPU
		{4BF8135E-AA89-4059-BFFD-122C241BB196}.Release|Any CPU.ActiveCfg = Release|Any CPU
		{4BF8135E-AA89-4059-BFFD-122C241BB196}.Release|Any CPU.Build.0 = Release|Any CPU
		{B2E7B75D-3A12-4DE1-8643-82359A9638C9}.Debug|Any CPU.ActiveCfg = Debug|Any CPU
		{B2E7B75D-3A12-4DE1-8643-82359A9638C9}.Debug|Any CPU.Build.0 = Debug|Any CPU
		{B2E7B75D-3A12-4DE1-8643-82359A9638C9}.Release|Any CPU.ActiveCfg = Release|Any CPU
		{B2E7B75D-3A12-4DE1-8643-82359A9638C9}.Release|Any CPU.Build.0 = Release|Any CPU
		{62955CFB-030D-4223-95BC-EBAC1FB5069C}.Debug|Any CPU.ActiveCfg = Debug|Any CPU
		{62955CFB-030D-4223-95BC-EBAC1FB5069C}.Debug|Any CPU.Build.0 = Debug|Any CPU
		{62955CFB-030D-4223-95BC-EBAC1FB5069C}.Release|Any CPU.ActiveCfg = Release|Any CPU
		{62955CFB-030D-4223-95BC-EBAC1FB5069C}.Release|Any CPU.Build.0 = Release|Any CPU
		{5F7427DF-E6A2-4647-89ED-957F49279224}.Debug|Any CPU.ActiveCfg = Debug|Any CPU
		{5F7427DF-E6A2-4647-89ED-957F49279224}.Debug|Any CPU.Build.0 = Debug|Any CPU
		{5F7427DF-E6A2-4647-89ED-957F49279224}.Release|Any CPU.ActiveCfg = Release|Any CPU
		{5F7427DF-E6A2-4647-89ED-957F49279224}.Release|Any CPU.Build.0 = Release|Any CPU
		{4CE2FCD9-7690-46AA-A015-E2F65CE09285}.Debug|Any CPU.ActiveCfg = Debug|Any CPU
		{4CE2FCD9-7690-46AA-A015-E2F65CE09285}.Debug|Any CPU.Build.0 = Debug|Any CPU
		{4CE2FCD9-7690-46AA-A015-E2F65CE09285}.Release|Any CPU.ActiveCfg = Release|Any CPU
		{4CE2FCD9-7690-46AA-A015-E2F65CE09285}.Release|Any CPU.Build.0 = Release|Any CPU
	EndGlobalSection
	GlobalSection(SolutionProperties) = preSolution
		HideSolutionNode = FALSE
	EndGlobalSection
	GlobalSection(NestedProjects) = preSolution
		{EE3FB89B-3760-4408-830A-B7599F8ACF99} = {1B65C037-2265-4E75-9128-91AB5DA7EF35}
		{188F3572-62E2-46F0-A751-E41F760A88CD} = {1B65C037-2265-4E75-9128-91AB5DA7EF35}
		{EF365787-6B29-4D59-8471-9D6E2D52BCBA} = {89778B61-FF5E-4D02-BB44-64AFC1885233}
		{E9180B09-9E0F-4D0D-BE8F-F762C9EB7EF8} = {89778B61-FF5E-4D02-BB44-64AFC1885233}
		{7170DE1C-B264-4E29-9456-8DFD3BC649BE} = {39D474F2-075E-4219-97AF-AA40BC033D98}
		{9709E052-048E-4375-A10E-B453E256728C} = {39D474F2-075E-4219-97AF-AA40BC033D98}
		{7045D1D2-2D8C-484A-A64B-DE139E6CEA89} = {39D474F2-075E-4219-97AF-AA40BC033D98}
		{403AD3DD-FFF2-416C-9889-8F3777368869} = {39D474F2-075E-4219-97AF-AA40BC033D98}
		{042DAF55-A131-4623-AD7C-E271BB5B5F48} = {39D474F2-075E-4219-97AF-AA40BC033D98}
		{4BF8135E-AA89-4059-BFFD-122C241BB196} = {39D474F2-075E-4219-97AF-AA40BC033D98}
		{B2E7B75D-3A12-4DE1-8643-82359A9638C9} = {39D474F2-075E-4219-97AF-AA40BC033D98}
		{62955CFB-030D-4223-95BC-EBAC1FB5069C} = {39D474F2-075E-4219-97AF-AA40BC033D98}
		{5F7427DF-E6A2-4647-89ED-957F49279224} = {39D474F2-075E-4219-97AF-AA40BC033D98}
		{4CE2FCD9-7690-46AA-A015-E2F65CE09285} = {39D474F2-075E-4219-97AF-AA40BC033D98}
	EndGlobalSection
	GlobalSection(ExtensibilityGlobals) = postSolution
		SolutionGuid = {24328D87-6D63-4EDE-938C-B1CD351245CD}
	EndGlobalSection
EndGlobal
